<?xml version="1.0" encoding="UTF-8" standalone="yes" ?>
<CodeBlocks_project_file>
	<FileVersion major="1" minor="6" />
	<Project>
		<Option title="crash_handler" />
		<Option execution_dir="C:/Users/pavel/src/crash_handler/msvc/" />
		<Option pch_mode="2" />
		<Option compiler="msvc10" />
		<Build>
			<Target title="Debug Win32">
				<Option output="crash_handler" prefix_auto="1" extension_auto="1" />
				<Option type="3" />
				<Option compiler="msvc10" />
				<Option createDefFile="1" />
				<Option createStaticLib="1" />
			</Target>
			<Target title="Release Win32">
				<Option output="crash_handler" prefix_auto="1" extension_auto="1" />
				<Option type="3" />
				<Option compiler="msvc10" />
				<Option createDefFile="1" />
				<Option createStaticLib="1" />
			</Target>
		</Build>
		<Compiler>
			<Add directory="$(VCInstallDir)include" />
			<Add directory="$(WindowsSdkDir)include" />
			<Add directory="$(FrameworkSDKDir)/include" />
			<Add directory="$(SolutionDir)../include" />
		</Compiler>
		<Linker>
			<Add directory="$(WindowsSdkDir)Lib" />
		</Linker>
		<Unit filename="../include/crash_handler.h" />
		<Unit filename="../include/crash_handler_impl.h" />
		<Unit filename="../include/export.h" />
		<Unit filename="../include/process_monitor.h" />
		<Unit filename="../include/process_monitor.hpp" />
		<Unit filename="../include/stack_explorer.h" />
		<Unit filename="../include/types.h" />
		<Unit filename="../include/util.h" />
		<Unit filename="../src/crash_handler.cpp" />
		<Unit filename="../src/crash_handler_win.cpp" />
		<Unit filename="../src/stack_explorer.cpp" />
		<Unit filename="../src/util.cpp" />
		<Extensions>
			<code_completion />
			<envvars />
			<debugger />
		</Extensions>
	</Project>
</CodeBlocks_project_file>
