
Microsoft Visual Studio Solution File, Format Version 11.00
# Visual Studio 2010
Project("{8BC9CEB8-8B4A-11D0-8D11-00A0C91BC942}") = "crash_handler", "crash_handler.vcxproj", "{AD8124F2-BAB6-4860-A3B6-A3948AB667CB}"
EndProject
Project("{8BC9CEB8-8B4A-11D0-8D11-00A0C91BC942}") = "crashit", "crashit.vcxproj", "{717E2840-E78A-4311-959E-9FF3F82D9F21}"
EndProject
Global
	GlobalSection(SolutionConfigurationPlatforms) = preSolution
		Debug|Win32 = Debug|Win32
		Release|Win32 = Release|Win32
	EndGlobalSection
	GlobalSection(ProjectConfigurationPlatforms) = postSolution
		{AD8124F2-BAB6-4860-A3B6-A3948AB667CB}.Debug|Win32.ActiveCfg = Debug|Win32
		{AD8124F2-BAB6-4860-A3B6-A3948AB667CB}.Debug|Win32.Build.0 = Debug|Win32
		{AD8124F2-BAB6-4860-A3B6-A3948AB667CB}.Release|Win32.ActiveCfg = Release|Win32
		{AD8124F2-BAB6-4860-A3B6-A3948AB667CB}.Release|Win32.Build.0 = Release|Win32
		{717E2840-E78A-4311-959E-9FF3F82D9F21}.Debug|Win32.ActiveCfg = Debug|Win32
		{717E2840-E78A-4311-959E-9FF3F82D9F21}.Debug|Win32.Build.0 = Debug|Win32
		{717E2840-E78A-4311-959E-9FF3F82D9F21}.Release|Win32.ActiveCfg = Release|Win32
		{717E2840-E78A-4311-959E-9FF3F82D9F21}.Release|Win32.Build.0 = Release|Win32
	EndGlobalSection
	GlobalSection(SolutionProperties) = preSolution
		HideSolutionNode = FALSE
	EndGlobalSection
EndGlobal
